{
  "requires": true,
  "lockfileVersion": 1,
  "dependencies": {
    "jtree": {
      "version": "14.1.0",
      "resolved": "https://registry.npmjs.org/jtree/-/jtree-14.1.0.tgz",
      "integrity": "sha512-1tqKGgd1UzF/4QjttfFFcJaLerEh/Ju/fPh8O4QqeSWfsY8skY4/1LkZf0sg1CH7Gzz75iFebYsOILmATFZ2Uw=="
    }
  }
}
