{
  "requires": true,
  "lockfileVersion": 1,
  "dependencies": {
    "jtree": {
      "version": "14.0.1",
      "resolved": "https://registry.npmjs.org/jtree/-/jtree-14.0.1.tgz",
      "integrity": "sha512-Iu2TqI4qatZBUJmccPFpYbBUdkBJ4JaIkcJVgZPh+FJBKo/4XqZbQdMBUqWUMNJGTJyvEfAwsWGSbd9+3Zy2TA=="
    }
  }
}
